
Microsoft Visual Studio Solution File, Format Version 12.00
# Visual Studio Version 17
VisualStudioVersion = 17.0.31903.59
MinimumVisualStudioVersion = 10.0.40219.1
Project("{FAE04EC0-301F-11D3-BF4B-00C04F79EFBC}") = "CleanVisitor.Core", "CleanVisitor.Core\CleanVisitor.Core.csproj", "{91B760DF-E3F8-4820-9F2A-E088A8D7F0D8}"
EndProject
Project("{FAE04EC0-301F-11D3-BF4B-00C04F79EFBC}") = "CleanVisitor.Application", "CleanVisitor.Application\CleanVisitor.Application.csproj", "{5FA9E0C0-9F99-4404-A300-7658909EE431}"
EndProject
Project("{FAE04EC0-301F-11D3-BF4B-00C04F79EFBC}") = "CleanVisitor.Infrastructure", "CleanVisitor.Infrastructure\CleanVisitor.Infrastructure.csproj", "{1C703F79-2C01-49EF-87FC-EDA796A2D635}"
EndProject
Project("{FAE04EC0-301F-11D3-BF4B-00C04F79EFBC}") = "CleanVisitor.API", "CleanVisitor.API\CleanVisitor.API.csproj", "{9235A6DD-706F-4F50-9CBB-E2A272A93161}"
EndProject
Global
	GlobalSection(SolutionConfigurationPlatforms) = preSolution
		Debug|Any CPU = Debug|Any CPU
		Debug|x64 = Debug|x64
		Debug|x86 = Debug|x86
		Release|Any CPU = Release|Any CPU
		Release|x64 = Release|x64
		Release|x86 = Release|x86
	EndGlobalSection
	GlobalSection(ProjectConfigurationPlatforms) = postSolution
		{91B760DF-E3F8-4820-9F2A-E088A8D7F0D8}.Debug|Any CPU.ActiveCfg = Debug|Any CPU
		{91B760DF-E3F8-4820-9F2A-E088A8D7F0D8}.Debug|Any CPU.Build.0 = Debug|Any CPU
		{91B760DF-E3F8-4820-9F2A-E088A8D7F0D8}.Debug|x64.ActiveCfg = Debug|Any CPU
		{91B760DF-E3F8-4820-9F2A-E088A8D7F0D8}.Debug|x64.Build.0 = Debug|Any CPU
		{91B760DF-E3F8-4820-9F2A-E088A8D7F0D8}.Debug|x86.ActiveCfg = Debug|Any CPU
		{91B760DF-E3F8-4820-9F2A-E088A8D7F0D8}.Debug|x86.Build.0 = Debug|Any CPU
		{91B760DF-E3F8-4820-9F2A-E088A8D7F0D8}.Release|Any CPU.ActiveCfg = Release|Any CPU
		{91B760DF-E3F8-4820-9F2A-E088A8D7F0D8}.Release|Any CPU.Build.0 = Release|Any CPU
		{91B760DF-E3F8-4820-9F2A-E088A8D7F0D8}.Release|x64.ActiveCfg = Release|Any CPU
		{91B760DF-E3F8-4820-9F2A-E088A8D7F0D8}.Release|x64.Build.0 = Release|Any CPU
		{91B760DF-E3F8-4820-9F2A-E088A8D7F0D8}.Release|x86.ActiveCfg = Release|Any CPU
		{91B760DF-E3F8-4820-9F2A-E088A8D7F0D8}.Release|x86.Build.0 = Release|Any CPU
		{5FA9E0C0-9F99-4404-A300-7658909EE431}.Debug|Any CPU.ActiveCfg = Debug|Any CPU
		{5FA9E0C0-9F99-4404-A300-7658909EE431}.Debug|Any CPU.Build.0 = Debug|Any CPU
		{5FA9E0C0-9F99-4404-A300-7658909EE431}.Debug|x64.ActiveCfg = Debug|Any CPU
		{5FA9E0C0-9F99-4404-A300-7658909EE431}.Debug|x64.Build.0 = Debug|Any CPU
		{5FA9E0C0-9F99-4404-A300-7658909EE431}.Debug|x86.ActiveCfg = Debug|Any CPU
		{5FA9E0C0-9F99-4404-A300-7658909EE431}.Debug|x86.Build.0 = Debug|Any CPU
		{5FA9E0C0-9F99-4404-A300-7658909EE431}.Release|Any CPU.ActiveCfg = Release|Any CPU
		{5FA9E0C0-9F99-4404-A300-7658909EE431}.Release|Any CPU.Build.0 = Release|Any CPU
		{5FA9E0C0-9F99-4404-A300-7658909EE431}.Release|x64.ActiveCfg = Release|Any CPU
		{5FA9E0C0-9F99-4404-A300-7658909EE431}.Release|x64.Build.0 = Release|Any CPU
		{5FA9E0C0-9F99-4404-A300-7658909EE431}.Release|x86.ActiveCfg = Release|Any CPU
		{5FA9E0C0-9F99-4404-A300-7658909EE431}.Release|x86.Build.0 = Release|Any CPU
		{1C703F79-2C01-49EF-87FC-EDA796A2D635}.Debug|Any CPU.ActiveCfg = Debug|Any CPU
		{1C703F79-2C01-49EF-87FC-EDA796A2D635}.Debug|Any CPU.Build.0 = Debug|Any CPU
		{1C703F79-2C01-49EF-87FC-EDA796A2D635}.Debug|x64.ActiveCfg = Debug|Any CPU
		{1C703F79-2C01-49EF-87FC-EDA796A2D635}.Debug|x64.Build.0 = Debug|Any CPU
		{1C703F79-2C01-49EF-87FC-EDA796A2D635}.Debug|x86.ActiveCfg = Debug|Any CPU
		{1C703F79-2C01-49EF-87FC-EDA796A2D635}.Debug|x86.Build.0 = Debug|Any CPU
		{1C703F79-2C01-49EF-87FC-EDA796A2D635}.Release|Any CPU.ActiveCfg = Release|Any CPU
		{1C703F79-2C01-49EF-87FC-EDA796A2D635}.Release|Any CPU.Build.0 = Release|Any CPU
		{1C703F79-2C01-49EF-87FC-EDA796A2D635}.Release|x64.ActiveCfg = Release|Any CPU
		{1C703F79-2C01-49EF-87FC-EDA796A2D635}.Release|x64.Build.0 = Release|Any CPU
		{1C703F79-2C01-49EF-87FC-EDA796A2D635}.Release|x86.ActiveCfg = Release|Any CPU
		{1C703F79-2C01-49EF-87FC-EDA796A2D635}.Release|x86.Build.0 = Release|Any CPU
		{9235A6DD-706F-4F50-9CBB-E2A272A93161}.Debug|Any CPU.ActiveCfg = Debug|Any CPU
		{9235A6DD-706F-4F50-9CBB-E2A272A93161}.Debug|Any CPU.Build.0 = Debug|Any CPU
		{9235A6DD-706F-4F50-9CBB-E2A272A93161}.Debug|x64.ActiveCfg = Debug|Any CPU
		{9235A6DD-706F-4F50-9CBB-E2A272A93161}.Debug|x64.Build.0 = Debug|Any CPU
		{9235A6DD-706F-4F50-9CBB-E2A272A93161}.Debug|x86.ActiveCfg = Debug|Any CPU
		{9235A6DD-706F-4F50-9CBB-E2A272A93161}.Debug|x86.Build.0 = Debug|Any CPU
		{9235A6DD-706F-4F50-9CBB-E2A272A93161}.Release|Any CPU.ActiveCfg = Release|Any CPU
		{9235A6DD-706F-4F50-9CBB-E2A272A93161}.Release|Any CPU.Build.0 = Release|Any CPU
		{9235A6DD-706F-4F50-9CBB-E2A272A93161}.Release|x64.ActiveCfg = Release|Any CPU
		{9235A6DD-706F-4F50-9CBB-E2A272A93161}.Release|x64.Build.0 = Release|Any CPU
		{9235A6DD-706F-4F50-9CBB-E2A272A93161}.Release|x86.ActiveCfg = Release|Any CPU
		{9235A6DD-706F-4F50-9CBB-E2A272A93161}.Release|x86.Build.0 = Release|Any CPU
	EndGlobalSection
	GlobalSection(SolutionProperties) = preSolution
		HideSolutionNode = FALSE
	EndGlobalSection
EndGlobal
